<?xml version="1.0" encoding="UTF-8"?>
<CodeBlocks_project_file>
	<FileVersion major="1" minor="6"/>
	<Project>
		<Option title="RTI"/>
		<Option makefile_is_custom="1"/>
		<Option compiler="msvc8"/>
		<Option virtualFolders="CMake Files\;CMake Files\lib\;CMake Files\lib\tinyobj\;CMake Files\lib\glm\;CMake Files\lib\glm\glm\;"/>
		<Build>
			<Target title="all">
				<Option working_dir="C:/Users/steve/Desktop/RTI/_debug"/>
				<Option type="4"/>
				<MakeCommands>
					<Build command="nmake /NOLOGO /f C:\Users\steve\Desktop\RTI\_debug\Makefile VERBOSE=1 all"/>
					<CompileFile command="nmake /NOLOGO /f C:\Users\steve\Desktop\RTI\_debug\Makefile VERBOSE=1 &quot;$file&quot;"/>
					<Clean command="nmake /NOLOGO /f C:\Users\steve\Desktop\RTI\_debug\Makefile VERBOSE=1 clean"/>
					<DistClean command="nmake /NOLOGO /f C:\Users\steve\Desktop\RTI\_debug\Makefile VERBOSE=1 clean"/>
				</MakeCommands>
			</Target>
			<Target title="list_install_components">
				<Option working_dir="C:/Users/steve/Desktop/RTI/_debug"/>
				<Option type="4"/>
				<MakeCommands>
					<Build command="nmake /NOLOGO /f C:\Users\steve\Desktop\RTI\_debug\Makefile VERBOSE=1 list_install_components"/>
					<CompileFile command="nmake /NOLOGO /f C:\Users\steve\Desktop\RTI\_debug\Makefile VERBOSE=1 &quot;$file&quot;"/>
					<Clean command="nmake /NOLOGO /f C:\Users\steve\Desktop\RTI\_debug\Makefile VERBOSE=1 clean"/>
					<DistClean command="nmake /NOLOGO /f C:\Users\steve\Desktop\RTI\_debug\Makefile VERBOSE=1 clean"/>
				</MakeCommands>
			</Target>
			<Target title="RTI">
				<Option output="C:/Users/steve/Desktop/RTI/_debug/RTI.exe" prefix_auto="0" extension_auto="0"/>
				<Option working_dir="C:/Users/steve/Desktop/RTI/_debug"/>
				<Option object_output="./"/>
				<Option type="1"/>
				<Option compiler="msvc8"/>
				<Compiler>
					<Add directory="C:/Users/steve/Desktop/RTI/app/include"/>
					<Add directory="C:/Users/steve/Desktop/RTI/lib/tinyobj"/>
					<Add directory="C:/Users/steve/Desktop/RTI/lib/glm"/>
					<Add directory="C:\Program Files\Microsoft Visual Studio\2022\Community\VC\Tools\MSVC\14.30.30705\ATLMFC\include"/>
					<Add directory="C:\Program Files\Microsoft Visual Studio\2022\Community\VC\Tools\MSVC\14.30.30705\include"/>
					<Add directory="C:\Program Files (x86)\Windows Kits\10\include\10.0.19041.0\ucrt"/>
					<Add directory="C:\Program Files (x86)\Windows Kits\10\\include\10.0.19041.0\\shared"/>
					<Add directory="C:\Program Files (x86)\Windows Kits\10\\include\10.0.19041.0\\um"/>
					<Add directory="C:\Program Files (x86)\Windows Kits\10\\include\10.0.19041.0\\winrt"/>
					<Add directory="C:\Program Files (x86)\Windows Kits\10\\include\10.0.19041.0\\cppwinrt"/>
				</Compiler>
				<MakeCommands>
					<Build command="nmake /NOLOGO /f C:\Users\steve\Desktop\RTI\_debug\Makefile VERBOSE=1 RTI"/>
					<CompileFile command="nmake /NOLOGO /f C:\Users\steve\Desktop\RTI\_debug\Makefile VERBOSE=1 &quot;$file&quot;"/>
					<Clean command="nmake /NOLOGO /f C:\Users\steve\Desktop\RTI\_debug\Makefile VERBOSE=1 clean"/>
					<DistClean command="nmake /NOLOGO /f C:\Users\steve\Desktop\RTI\_debug\Makefile VERBOSE=1 clean"/>
				</MakeCommands>
			</Target>
			<Target title="RTI/fast">
				<Option output="C:/Users/steve/Desktop/RTI/_debug/RTI.exe" prefix_auto="0" extension_auto="0"/>
				<Option working_dir="C:/Users/steve/Desktop/RTI/_debug"/>
				<Option object_output="./"/>
				<Option type="1"/>
				<Option compiler="msvc8"/>
				<Compiler>
					<Add directory="C:/Users/steve/Desktop/RTI/app/include"/>
					<Add directory="C:/Users/steve/Desktop/RTI/lib/tinyobj"/>
					<Add directory="C:/Users/steve/Desktop/RTI/lib/glm"/>
					<Add directory="C:\Program Files\Microsoft Visual Studio\2022\Community\VC\Tools\MSVC\14.30.30705\ATLMFC\include"/>
					<Add directory="C:\Program Files\Microsoft Visual Studio\2022\Community\VC\Tools\MSVC\14.30.30705\include"/>
					<Add directory="C:\Program Files (x86)\Windows Kits\10\include\10.0.19041.0\ucrt"/>
					<Add directory="C:\Program Files (x86)\Windows Kits\10\\include\10.0.19041.0\\shared"/>
					<Add directory="C:\Program Files (x86)\Windows Kits\10\\include\10.0.19041.0\\um"/>
					<Add directory="C:\Program Files (x86)\Windows Kits\10\\include\10.0.19041.0\\winrt"/>
					<Add directory="C:\Program Files (x86)\Windows Kits\10\\include\10.0.19041.0\\cppwinrt"/>
				</Compiler>
				<MakeCommands>
					<Build command="nmake /NOLOGO /f C:\Users\steve\Desktop\RTI\_debug\Makefile VERBOSE=1 RTI/fast"/>
					<CompileFile command="nmake /NOLOGO /f C:\Users\steve\Desktop\RTI\_debug\Makefile VERBOSE=1 &quot;$file&quot;"/>
					<Clean command="nmake /NOLOGO /f C:\Users\steve\Desktop\RTI\_debug\Makefile VERBOSE=1 clean"/>
					<DistClean command="nmake /NOLOGO /f C:\Users\steve\Desktop\RTI\_debug\Makefile VERBOSE=1 clean"/>
				</MakeCommands>
			</Target>
			<Target title="install/local">
				<Option working_dir="C:/Users/steve/Desktop/RTI/_debug"/>
				<Option type="4"/>
				<MakeCommands>
					<Build command="nmake /NOLOGO /f C:\Users\steve\Desktop\RTI\_debug\Makefile VERBOSE=1 install/local"/>
					<CompileFile command="nmake /NOLOGO /f C:\Users\steve\Desktop\RTI\_debug\Makefile VERBOSE=1 &quot;$file&quot;"/>
					<Clean command="nmake /NOLOGO /f C:\Users\steve\Desktop\RTI\_debug\Makefile VERBOSE=1 clean"/>
					<DistClean command="nmake /NOLOGO /f C:\Users\steve\Desktop\RTI\_debug\Makefile VERBOSE=1 clean"/>
				</MakeCommands>
			</Target>
			<Target title="install">
				<Option working_dir="C:/Users/steve/Desktop/RTI/_debug"/>
				<Option type="4"/>
				<MakeCommands>
					<Build command="nmake /NOLOGO /f C:\Users\steve\Desktop\RTI\_debug\Makefile VERBOSE=1 install"/>
					<CompileFile command="nmake /NOLOGO /f C:\Users\steve\Desktop\RTI\_debug\Makefile VERBOSE=1 &quot;$file&quot;"/>
					<Clean command="nmake /NOLOGO /f C:\Users\steve\Desktop\RTI\_debug\Makefile VERBOSE=1 clean"/>
					<DistClean command="nmake /NOLOGO /f C:\Users\steve\Desktop\RTI\_debug\Makefile VERBOSE=1 clean"/>
				</MakeCommands>
			</Target>
			<Target title="edit_cache">
				<Option working_dir="C:/Users/steve/Desktop/RTI/_debug"/>
				<Option type="4"/>
				<MakeCommands>
					<Build command="nmake /NOLOGO /f C:\Users\steve\Desktop\RTI\_debug\Makefile VERBOSE=1 edit_cache"/>
					<CompileFile command="nmake /NOLOGO /f C:\Users\steve\Desktop\RTI\_debug\Makefile VERBOSE=1 &quot;$file&quot;"/>
					<Clean command="nmake /NOLOGO /f C:\Users\steve\Desktop\RTI\_debug\Makefile VERBOSE=1 clean"/>
					<DistClean command="nmake /NOLOGO /f C:\Users\steve\Desktop\RTI\_debug\Makefile VERBOSE=1 clean"/>
				</MakeCommands>
			</Target>
			<Target title="rebuild_cache">
				<Option working_dir="C:/Users/steve/Desktop/RTI/_debug"/>
				<Option type="4"/>
				<MakeCommands>
					<Build command="nmake /NOLOGO /f C:\Users\steve\Desktop\RTI\_debug\Makefile VERBOSE=1 rebuild_cache"/>
					<CompileFile command="nmake /NOLOGO /f C:\Users\steve\Desktop\RTI\_debug\Makefile VERBOSE=1 &quot;$file&quot;"/>
					<Clean command="nmake /NOLOGO /f C:\Users\steve\Desktop\RTI\_debug\Makefile VERBOSE=1 clean"/>
					<DistClean command="nmake /NOLOGO /f C:\Users\steve\Desktop\RTI\_debug\Makefile VERBOSE=1 clean"/>
				</MakeCommands>
			</Target>
			<Target title="tinyobjloader">
				<Option output="C:/Users/steve/Desktop/RTI/_debug/lib/tinyobj/tinyobjloader.lib" prefix_auto="0" extension_auto="0"/>
				<Option working_dir="C:/Users/steve/Desktop/RTI/_debug/lib/tinyobj"/>
				<Option object_output="./"/>
				<Option type="2"/>
				<Option compiler="msvc8"/>
				<Compiler>
					<Add directory="C:/Users/steve/Desktop/RTI/app/include"/>
					<Add directory="C:\Program Files\Microsoft Visual Studio\2022\Community\VC\Tools\MSVC\14.30.30705\ATLMFC\include"/>
					<Add directory="C:\Program Files\Microsoft Visual Studio\2022\Community\VC\Tools\MSVC\14.30.30705\include"/>
					<Add directory="C:\Program Files (x86)\Windows Kits\10\include\10.0.19041.0\ucrt"/>
					<Add directory="C:\Program Files (x86)\Windows Kits\10\\include\10.0.19041.0\\shared"/>
					<Add directory="C:\Program Files (x86)\Windows Kits\10\\include\10.0.19041.0\\um"/>
					<Add directory="C:\Program Files (x86)\Windows Kits\10\\include\10.0.19041.0\\winrt"/>
					<Add directory="C:\Program Files (x86)\Windows Kits\10\\include\10.0.19041.0\\cppwinrt"/>
				</Compiler>
				<MakeCommands>
					<Build command="nmake /NOLOGO /f C:\Users\steve\Desktop\RTI\_debug\lib\tinyobj\Makefile VERBOSE=1 tinyobjloader"/>
					<CompileFile command="nmake /NOLOGO /f C:\Users\steve\Desktop\RTI\_debug\lib\tinyobj\Makefile VERBOSE=1 &quot;$file&quot;"/>
					<Clean command="nmake /NOLOGO /f C:\Users\steve\Desktop\RTI\_debug\lib\tinyobj\Makefile VERBOSE=1 clean"/>
					<DistClean command="nmake /NOLOGO /f C:\Users\steve\Desktop\RTI\_debug\lib\tinyobj\Makefile VERBOSE=1 clean"/>
				</MakeCommands>
			</Target>
			<Target title="tinyobjloader/fast">
				<Option output="C:/Users/steve/Desktop/RTI/_debug/lib/tinyobj/tinyobjloader.lib" prefix_auto="0" extension_auto="0"/>
				<Option working_dir="C:/Users/steve/Desktop/RTI/_debug/lib/tinyobj"/>
				<Option object_output="./"/>
				<Option type="2"/>
				<Option compiler="msvc8"/>
				<Compiler>
					<Add directory="C:/Users/steve/Desktop/RTI/app/include"/>
					<Add directory="C:\Program Files\Microsoft Visual Studio\2022\Community\VC\Tools\MSVC\14.30.30705\ATLMFC\include"/>
					<Add directory="C:\Program Files\Microsoft Visual Studio\2022\Community\VC\Tools\MSVC\14.30.30705\include"/>
					<Add directory="C:\Program Files (x86)\Windows Kits\10\include\10.0.19041.0\ucrt"/>
					<Add directory="C:\Program Files (x86)\Windows Kits\10\\include\10.0.19041.0\\shared"/>
					<Add directory="C:\Program Files (x86)\Windows Kits\10\\include\10.0.19041.0\\um"/>
					<Add directory="C:\Program Files (x86)\Windows Kits\10\\include\10.0.19041.0\\winrt"/>
					<Add directory="C:\Program Files (x86)\Windows Kits\10\\include\10.0.19041.0\\cppwinrt"/>
				</Compiler>
				<MakeCommands>
					<Build command="nmake /NOLOGO /f C:\Users\steve\Desktop\RTI\_debug\lib\tinyobj\Makefile VERBOSE=1 tinyobjloader/fast"/>
					<CompileFile command="nmake /NOLOGO /f C:\Users\steve\Desktop\RTI\_debug\lib\tinyobj\Makefile VERBOSE=1 &quot;$file&quot;"/>
					<Clean command="nmake /NOLOGO /f C:\Users\steve\Desktop\RTI\_debug\lib\tinyobj\Makefile VERBOSE=1 clean"/>
					<DistClean command="nmake /NOLOGO /f C:\Users\steve\Desktop\RTI\_debug\lib\tinyobj\Makefile VERBOSE=1 clean"/>
				</MakeCommands>
			</Target>
			<Target title="uninstall">
				<Option working_dir="C:/Users/steve/Desktop/RTI/_debug/lib/tinyobj"/>
				<Option type="4"/>
				<MakeCommands>
					<Build command="nmake /NOLOGO /f C:\Users\steve\Desktop\RTI\_debug\lib\tinyobj\Makefile VERBOSE=1 uninstall"/>
					<CompileFile command="nmake /NOLOGO /f C:\Users\steve\Desktop\RTI\_debug\lib\tinyobj\Makefile VERBOSE=1 &quot;$file&quot;"/>
					<Clean command="nmake /NOLOGO /f C:\Users\steve\Desktop\RTI\_debug\lib\tinyobj\Makefile VERBOSE=1 clean"/>
					<DistClean command="nmake /NOLOGO /f C:\Users\steve\Desktop\RTI\_debug\lib\tinyobj\Makefile VERBOSE=1 clean"/>
				</MakeCommands>
			</Target>
		</Build>
		<Unit filename="C:/Users/steve/Desktop/RTI/app/include/AABB.hpp">
			<Option target="RTI"/>
		</Unit>
		<Unit filename="C:/Users/steve/Desktop/RTI/app/include/Application.hpp">
			<Option target="RTI"/>
		</Unit>
		<Unit filename="C:/Users/steve/Desktop/RTI/app/include/BVHNode.hpp">
			<Option target="RTI"/>
		</Unit>
		<Unit filename="C:/Users/steve/Desktop/RTI/app/include/Camera.hpp">
			<Option target="RTI"/>
		</Unit>
		<Unit filename="C:/Users/steve/Desktop/RTI/app/include/Hit.hpp">
			<Option target="RTI"/>
		</Unit>
		<Unit filename="C:/Users/steve/Desktop/RTI/app/include/Math.hpp">
			<Option target="RTI"/>
		</Unit>
		<Unit filename="C:/Users/steve/Desktop/RTI/app/include/ObjLoader.hpp">
			<Option target="RTI"/>
		</Unit>
		<Unit filename="C:/Users/steve/Desktop/RTI/app/include/Object.hpp">
			<Option target="RTI"/>
		</Unit>
		<Unit filename="C:/Users/steve/Desktop/RTI/app/include/Ray.hpp">
			<Option target="RTI"/>
		</Unit>
		<Unit filename="C:/Users/steve/Desktop/RTI/app/include/Settings.hpp">
			<Option target="RTI"/>
		</Unit>
		<Unit filename="C:/Users/steve/Desktop/RTI/app/include/Timer.hpp">
			<Option target="RTI"/>
		</Unit>
		<Unit filename="C:/Users/steve/Desktop/RTI/app/include/Tri.hpp">
			<Option target="RTI"/>
		</Unit>
		<Unit filename="C:/Users/steve/Desktop/RTI/app/include/Vector3.hpp">
			<Option target="RTI"/>
		</Unit>
		<Unit filename="C:/Users/steve/Desktop/RTI/app/src/AABB.cpp">
			<Option target="RTI"/>
		</Unit>
		<Unit filename="C:/Users/steve/Desktop/RTI/app/src/Application.cpp">
			<Option target="RTI"/>
		</Unit>
		<Unit filename="C:/Users/steve/Desktop/RTI/app/src/Tri.cpp">
			<Option target="RTI"/>
		</Unit>
		<Unit filename="C:/Users/steve/Desktop/RTI/app/src/Vector3.cpp">
			<Option target="RTI"/>
		</Unit>
		<Unit filename="C:/Users/steve/Desktop/RTI/lib/tinyobj/tiny_obj_loader.cc">
			<Option target="tinyobjloader"/>
		</Unit>
		<Unit filename="C:/Users/steve/Desktop/RTI/lib/tinyobj/tiny_obj_loader.h">
			<Option target="tinyobjloader"/>
		</Unit>
		<Unit filename="C:/Users/steve/Desktop/RTI/main.cpp">
			<Option target="RTI"/>
		</Unit>
		<Unit filename="C:/Users/steve/Desktop/RTI/CMakeLists.txt">
			<Option virtualFolder="CMake Files\"/>
		</Unit>
		<Unit filename="C:/Users/steve/Desktop/RTI/lib/tinyobj/CMakeLists.txt">
			<Option virtualFolder="CMake Files\lib\tinyobj\"/>
		</Unit>
		<Unit filename="C:/Users/steve/Desktop/RTI/lib/tinyobj/cmake_uninstall.cmake.in">
			<Option virtualFolder="CMake Files\lib\tinyobj\"/>
		</Unit>
		<Unit filename="C:/Users/steve/Desktop/RTI/lib/tinyobj/tinyobjloader-config.cmake.in">
			<Option virtualFolder="CMake Files\lib\tinyobj\"/>
		</Unit>
		<Unit filename="C:/Users/steve/Desktop/RTI/lib/tinyobj/tinyobjloader.pc.in">
			<Option virtualFolder="CMake Files\lib\tinyobj\"/>
		</Unit>
		<Unit filename="C:/Users/steve/Desktop/RTI/lib/glm/CMakeLists.txt">
			<Option virtualFolder="CMake Files\lib\glm\"/>
		</Unit>
		<Unit filename="C:/Users/steve/Desktop/RTI/lib/glm/glm/CMakeLists.txt">
			<Option virtualFolder="CMake Files\lib\glm\glm\"/>
		</Unit>
	</Project>
</CodeBlocks_project_file>
